// !$*UTF8*$!
{
	archiveVersion = 1;
	classes = {
	};
	objectVersion = 50;
	objects = {

/* Begin PBXBuildFile section */
		3C879107731847CFA6BAF369 /* Pods_Trady.framework in Frameworks */ = {isa = PBXBuildFile; fileRef = A596363B8530EC69FA5FF85A /* Pods_Trady.framework */; };
		421CF40D218A634000D353FF /* DataServices.swift in Sources */ = {isa = PBXBuildFile; fileRef = 421CF40C218A634000D353FF /* DataServices.swift */; };
		421CF40F218A81F600D353FF /* AuthVC.swift in Sources */ = {isa = PBXBuildFile; fileRef = 421CF40E218A81F600D353FF /* AuthVC.swift */; };
		421CF411218A828300D353FF /* LoginVC.swift in Sources */ = {isa = PBXBuildFile; fileRef = 421CF410218A828300D353FF /* LoginVC.swift */; };
		421CF415218A8CED00D353FF /* AuthService.swift in Sources */ = {isa = PBXBuildFile; fileRef = 421CF414218A8CED00D353FF /* AuthService.swift */; };
		4269ED05218BCA3F0001790B /* CreateGroupVC.swift in Sources */ = {isa = PBXBuildFile; fileRef = 4269ED04218BCA3F0001790B /* CreateGroupVC.swift */; };
		4269ED07218BD9490001790B /* UserCell.swift in Sources */ = {isa = PBXBuildFile; fileRef = 4269ED06218BD9490001790B /* UserCell.swift */; };
		4269ED09218BFBBC0001790B /* GroupCell.swift in Sources */ = {isa = PBXBuildFile; fileRef = 4269ED08218BFBBC0001790B /* GroupCell.swift */; };
		4269ED0B218C01C00001790B /* Group.swift in Sources */ = {isa = PBXBuildFile; fileRef = 4269ED0A218C01C00001790B /* Group.swift */; };
		4269ED0D218C0EC70001790B /* GroupFeedCell.swift in Sources */ = {isa = PBXBuildFile; fileRef = 4269ED0C218C0EC70001790B /* GroupFeedCell.swift */; };
		4269ED0F218C0FCB0001790B /* GroupFeedVC.swift in Sources */ = {isa = PBXBuildFile; fileRef = 4269ED0E218C0FCB0001790B /* GroupFeedVC.swift */; };
		4280C0F5218A532F00091F19 /* AppDelegate.swift in Sources */ = {isa = PBXBuildFile; fileRef = 4280C0F4218A532F00091F19 /* AppDelegate.swift */; };
		4280C0F7218A532F00091F19 /* FeedVC.swift in Sources */ = {isa = PBXBuildFile; fileRef = 4280C0F6218A532F00091F19 /* FeedVC.swift */; };
		4280C0F9218A532F00091F19 /* GroupsVC.swift in Sources */ = {isa = PBXBuildFile; fileRef = 4280C0F8218A532F00091F19 /* GroupsVC.swift */; };
		4280C0FC218A532F00091F19 /* Main.storyboard in Resources */ = {isa = PBXBuildFile; fileRef = 4280C0FA218A532F00091F19 /* Main.storyboard */; };
		4280C0FE218A533100091F19 /* Assets.xcassets in Resources */ = {isa = PBXBuildFile; fileRef = 4280C0FD218A533100091F19 /* Assets.xcassets */; };
		4280C101218A533100091F19 /* LaunchScreen.storyboard in Resources */ = {isa = PBXBuildFile; fileRef = 4280C0FF218A533100091F19 /* LaunchScreen.storyboard */; };
		4280C10F218A5FA000091F19 /* GoogleService-Info.plist in Resources */ = {isa = PBXBuildFile; fileRef = 4280C10E218A5FA000091F19 /* GoogleService-Info.plist */; };
		42A5F347218B42A6008694FA /* CreatePostVC.swift in Sources */ = {isa = PBXBuildFile; fileRef = 42A5F346218B42A6008694FA /* CreatePostVC.swift */; };
		42C56463218B55D50076388F /* FeedCell.swift in Sources */ = {isa = PBXBuildFile; fileRef = 42C56462218B55D50076388F /* FeedCell.swift */; };
		42C56467218B633A0076388F /* Message.swift in Sources */ = {isa = PBXBuildFile; fileRef = 42C56466218B633A0076388F /* Message.swift */; };
		42ED3E48218AABCB005804F0 /* CircularImage.swift in Sources */ = {isa = PBXBuildFile; fileRef = 42ED3E45218AABCA005804F0 /* CircularImage.swift */; };
		42ED3E49218AABCB005804F0 /* RoundedButton.swift in Sources */ = {isa = PBXBuildFile; fileRef = 42ED3E46218AABCA005804F0 /* RoundedButton.swift */; };
		42ED3E4A218AABCB005804F0 /* LoginView.swift in Sources */ = {isa = PBXBuildFile; fileRef = 42ED3E47218AABCA005804F0 /* LoginView.swift */; };
		42ED3E4C218ABF4D005804F0 /* MeVC.swift in Sources */ = {isa = PBXBuildFile; fileRef = 42ED3E4B218ABF4D005804F0 /* MeVC.swift */; };
/* End PBXBuildFile section */

/* Begin PBXFileReference section */
		1EA05F12C90F5EF4262C0625 /* Pods-Trady.debug.xcconfig */ = {isa = PBXFileReference; includeInIndex = 1; lastKnownFileType = text.xcconfig; name = "Pods-Trady.debug.xcconfig"; path = "Pods/Target Support Files/Pods-Trady/Pods-Trady.debug.xcconfig"; sourceTree = "<group>"; };
		421CF40C218A634000D353FF /* DataServices.swift */ = {isa = PBXFileReference; lastKnownFileType = sourcecode.swift; path = DataServices.swift; sourceTree = "<group>"; };
		421CF40E218A81F600D353FF /* AuthVC.swift */ = {isa = PBXFileReference; lastKnownFileType = sourcecode.swift; path = AuthVC.swift; sourceTree = "<group>"; };
		421CF410218A828300D353FF /* LoginVC.swift */ = {isa = PBXFileReference; lastKnownFileType = sourcecode.swift; path = LoginVC.swift; sourceTree = "<group>"; };
		421CF414218A8CED00D353FF /* AuthService.swift */ = {isa = PBXFileReference; lastKnownFileType = sourcecode.swift; path = AuthService.swift; sourceTree = "<group>"; };
		4269ED04218BCA3F0001790B /* CreateGroupVC.swift */ = {isa = PBXFileReference; lastKnownFileType = sourcecode.swift; path = CreateGroupVC.swift; sourceTree = "<group>"; };
		4269ED06218BD9490001790B /* UserCell.swift */ = {isa = PBXFileReference; lastKnownFileType = sourcecode.swift; path = UserCell.swift; sourceTree = "<group>"; };
		4269ED08218BFBBC0001790B /* GroupCell.swift */ = {isa = PBXFileReference; lastKnownFileType = sourcecode.swift; path = GroupCell.swift; sourceTree = "<group>"; };
		4269ED0A218C01C00001790B /* Group.swift */ = {isa = PBXFileReference; lastKnownFileType = sourcecode.swift; path = Group.swift; sourceTree = "<group>"; };
		4269ED0C218C0EC70001790B /* GroupFeedCell.swift */ = {isa = PBXFileReference; lastKnownFileType = sourcecode.swift; path = GroupFeedCell.swift; sourceTree = "<group>"; };
		4269ED0E218C0FCB0001790B /* GroupFeedVC.swift */ = {isa = PBXFileReference; lastKnownFileType = sourcecode.swift; path = GroupFeedVC.swift; sourceTree = "<group>"; };
		4280C0F1218A532F00091F19 /* Trady.app */ = {isa = PBXFileReference; explicitFileType = wrapper.application; includeInIndex = 0; path = Trady.app; sourceTree = BUILT_PRODUCTS_DIR; };
		4280C0F4218A532F00091F19 /* AppDelegate.swift */ = {isa = PBXFileReference; lastKnownFileType = sourcecode.swift; path = AppDelegate.swift; sourceTree = "<group>"; };
		4280C0F6218A532F00091F19 /* FeedVC.swift */ = {isa = PBXFileReference; lastKnownFileType = sourcecode.swift; path = FeedVC.swift; sourceTree = "<group>"; };
		4280C0F8218A532F00091F19 /* GroupsVC.swift */ = {isa = PBXFileReference; lastKnownFileType = sourcecode.swift; path = GroupsVC.swift; sourceTree = "<group>"; };
		4280C0FB218A532F00091F19 /* Base */ = {isa = PBXFileReference; lastKnownFileType = file.storyboard; name = Base; path = Base.lproj/Main.storyboard; sourceTree = "<group>"; };
		4280C0FD218A533100091F19 /* Assets.xcassets */ = {isa = PBXFileReference; lastKnownFileType = folder.assetcatalog; path = Assets.xcassets; sourceTree = "<group>"; };
		4280C100218A533100091F19 /* Base */ = {isa = PBXFileReference; lastKnownFileType = file.storyboard; name = Base; path = Base.lproj/LaunchScreen.storyboard; sourceTree = "<group>"; };
		4280C102218A533100091F19 /* Info.plist */ = {isa = PBXFileReference; lastKnownFileType = text.plist.xml; path = Info.plist; sourceTree = "<group>"; };
		4280C10E218A5FA000091F19 /* GoogleService-Info.plist */ = {isa = PBXFileReference; fileEncoding = 4; lastKnownFileType = text.plist.xml; path = "GoogleService-Info.plist"; sourceTree = "<group>"; };
		42A5F346218B42A6008694FA /* CreatePostVC.swift */ = {isa = PBXFileReference; lastKnownFileType = sourcecode.swift; path = CreatePostVC.swift; sourceTree = "<group>"; };
		42C56462218B55D50076388F /* FeedCell.swift */ = {isa = PBXFileReference; lastKnownFileType = sourcecode.swift; path = FeedCell.swift; sourceTree = "<group>"; };
		42C56466218B633A0076388F /* Message.swift */ = {isa = PBXFileReference; lastKnownFileType = sourcecode.swift; path = Message.swift; sourceTree = "<group>"; };
		42ED3E45218AABCA005804F0 /* CircularImage.swift */ = {isa = PBXFileReference; fileEncoding = 4; lastKnownFileType = sourcecode.swift; path = CircularImage.swift; sourceTree = "<group>"; };
		42ED3E46218AABCA005804F0 /* RoundedButton.swift */ = {isa = PBXFileReference; fileEncoding = 4; lastKnownFileType = sourcecode.swift; path = RoundedButton.swift; sourceTree = "<group>"; };
		42ED3E47218AABCA005804F0 /* LoginView.swift */ = {isa = PBXFileReference; fileEncoding = 4; lastKnownFileType = sourcecode.swift; path = LoginView.swift; sourceTree = "<group>"; };
		42ED3E4B218ABF4D005804F0 /* MeVC.swift */ = {isa = PBXFileReference; lastKnownFileType = sourcecode.swift; path = MeVC.swift; sourceTree = "<group>"; };
		70AE18AF59927677331D7963 /* Pods-Trady.release.xcconfig */ = {isa = PBXFileReference; includeInIndex = 1; lastKnownFileType = text.xcconfig; name = "Pods-Trady.release.xcconfig"; path = "Pods/Target Support Files/Pods-Trady/Pods-Trady.release.xcconfig"; sourceTree = "<group>"; };
		A596363B8530EC69FA5FF85A /* Pods_Trady.framework */ = {isa = PBXFileReference; explicitFileType = wrapper.framework; includeInIndex = 0; path = Pods_Trady.framework; sourceTree = BUILT_PRODUCTS_DIR; };
/* End PBXFileReference section */

/* Begin PBXFrameworksBuildPhase section */
		4280C0EE218A532F00091F19 /* Frameworks */ = {
			isa = PBXFrameworksBuildPhase;
			buildActionMask = 2147483647;
			files = (
				3C879107731847CFA6BAF369 /* Pods_Trady.framework in Frameworks */,
			);
			runOnlyForDeploymentPostprocessing = 0;
		};
/* End PBXFrameworksBuildPhase section */

/* Begin PBXGroup section */
		1862C578DEC368DD75C16FB2 /* Pods */ = {
			isa = PBXGroup;
			children = (
				1EA05F12C90F5EF4262C0625 /* Pods-Trady.debug.xcconfig */,
				70AE18AF59927677331D7963 /* Pods-Trady.release.xcconfig */,
			);
			name = Pods;
			sourceTree = "<group>";
		};
		2AC312D51EF573CEDA7ABCE0 /* Frameworks */ = {
			isa = PBXGroup;
			children = (
				A596363B8530EC69FA5FF85A /* Pods_Trady.framework */,
			);
			name = Frameworks;
			sourceTree = "<group>";
		};
		4280C0E8218A532F00091F19 = {
			isa = PBXGroup;
			children = (
				4280C0F3218A532F00091F19 /* Trady */,
				4280C0F2218A532F00091F19 /* Products */,
				1862C578DEC368DD75C16FB2 /* Pods */,
				2AC312D51EF573CEDA7ABCE0 /* Frameworks */,
			);
			sourceTree = "<group>";
		};
		4280C0F2218A532F00091F19 /* Products */ = {
			isa = PBXGroup;
			children = (
				4280C0F1218A532F00091F19 /* Trady.app */,
			);
			name = Products;
			sourceTree = "<group>";
		};
		4280C0F3218A532F00091F19 /* Trady */ = {
			isa = PBXGroup;
			children = (
				4280C10D218A544800091F19 /* Services */,
				4280C10C218A542F00091F19 /* Extenstions */,
				4280C10A218A53DB00091F19 /* Model */,
				4280C109218A53D300091F19 /* View */,
				4280C108218A53C300091F19 /* Controller */,
				4280C0FA218A532F00091F19 /* Main.storyboard */,
				4280C10B218A53F100091F19 /* Support Files */,
				4280C10E218A5FA000091F19 /* GoogleService-Info.plist */,
				4280C102218A533100091F19 /* Info.plist */,
			);
			path = Trady;
			sourceTree = "<group>";
		};
		4280C108218A53C300091F19 /* Controller */ = {
			isa = PBXGroup;
			children = (
				4269ED04218BCA3F0001790B /* CreateGroupVC.swift */,
				42ED3E4B218ABF4D005804F0 /* MeVC.swift */,
				4280C0F6218A532F00091F19 /* FeedVC.swift */,
				4280C0F8218A532F00091F19 /* GroupsVC.swift */,
				421CF40E218A81F600D353FF /* AuthVC.swift */,
				421CF410218A828300D353FF /* LoginVC.swift */,
				42A5F346218B42A6008694FA /* CreatePostVC.swift */,
				4269ED0E218C0FCB0001790B /* GroupFeedVC.swift */,
			);
			path = Controller;
			sourceTree = "<group>";
		};
		4280C109218A53D300091F19 /* View */ = {
			isa = PBXGroup;
			children = (
				42ED3E45218AABCA005804F0 /* CircularImage.swift */,
				42ED3E47218AABCA005804F0 /* LoginView.swift */,
				42ED3E46218AABCA005804F0 /* RoundedButton.swift */,
				42C56462218B55D50076388F /* FeedCell.swift */,
				4269ED06218BD9490001790B /* UserCell.swift */,
				4269ED08218BFBBC0001790B /* GroupCell.swift */,
				4269ED0C218C0EC70001790B /* GroupFeedCell.swift */,
			);
			path = View;
			sourceTree = "<group>";
		};
		4280C10A218A53DB00091F19 /* Model */ = {
			isa = PBXGroup;
			children = (
				42C56466218B633A0076388F /* Message.swift */,
				4269ED0A218C01C00001790B /* Group.swift */,
			);
			path = Model;
			sourceTree = "<group>";
		};
		4280C10B218A53F100091F19 /* Support Files */ = {
			isa = PBXGroup;
			children = (
				4280C0F4218A532F00091F19 /* AppDelegate.swift */,
				4280C0FD218A533100091F19 /* Assets.xcassets */,
				4280C0FF218A533100091F19 /* LaunchScreen.storyboard */,
			);
			path = "Support Files";
			sourceTree = "<group>";
		};
		4280C10C218A542F00091F19 /* Extenstions */ = {
			isa = PBXGroup;
			children = (
			);
			path = Extenstions;
			sourceTree = "<group>";
		};
		4280C10D218A544800091F19 /* Services */ = {
			isa = PBXGroup;
			children = (
				421CF40C218A634000D353FF /* DataServices.swift */,
				421CF414218A8CED00D353FF /* AuthService.swift */,
			);
			path = Services;
			sourceTree = "<group>";
		};
/* End PBXGroup section */

/* Begin PBXNativeTarget section */
		4280C0F0218A532F00091F19 /* Trady */ = {
			isa = PBXNativeTarget;
			buildConfigurationList = 4280C105218A533100091F19 /* Build configuration list for PBXNativeTarget "Trady" */;
			buildPhases = (
				C2744E35DEFA0098B454A451 /* [CP] Check Pods Manifest.lock */,
				4280C0ED218A532F00091F19 /* Sources */,
				4280C0EE218A532F00091F19 /* Frameworks */,
				4280C0EF218A532F00091F19 /* Resources */,
				91203E139FAAA52E2BE5CE39 /* [CP] Embed Pods Frameworks */,
			);
			buildRules = (
			);
			dependencies = (
			);
			name = Trady;
			productName = Trady;
			productReference = 4280C0F1218A532F00091F19 /* Trady.app */;
			productType = "com.apple.product-type.application";
		};
/* End PBXNativeTarget section */

/* Begin PBXProject section */
		4280C0E9218A532F00091F19 /* Project object */ = {
			isa = PBXProject;
			attributes = {
				LastSwiftUpdateCheck = 1000;
				LastUpgradeCheck = 1000;
				ORGANIZATIONNAME = "Sherif Kamal";
				TargetAttributes = {
					4280C0F0218A532F00091F19 = {
						CreatedOnToolsVersion = 10.0;
					};
				};
			};
			buildConfigurationList = 4280C0EC218A532F00091F19 /* Build configuration list for PBXProject "Trady" */;
			compatibilityVersion = "Xcode 9.3";
			developmentRegion = en;
			hasScannedForEncodings = 0;
			knownRegions = (
				en,
				Base,
			);
			mainGroup = 4280C0E8218A532F00091F19;
			productRefGroup = 4280C0F2218A532F00091F19 /* Products */;
			projectDirPath = "";
			projectRoot = "";
			targets = (
				4280C0F0218A532F00091F19 /* Trady */,
			);
		};
/* End PBXProject section */

/* Begin PBXResourcesBuildPhase section */
		4280C0EF218A532F00091F19 /* Resources */ = {
			isa = PBXResourcesBuildPhase;
			buildActionMask = 2147483647;
			files = (
				4280C101218A533100091F19 /* LaunchScreen.storyboard in Resources */,
				4280C10F218A5FA000091F19 /* GoogleService-Info.plist in Resources */,
				4280C0FE218A533100091F19 /* Assets.xcassets in Resources */,
				4280C0FC218A532F00091F19 /* Main.storyboard in Resources */,
			);
			runOnlyForDeploymentPostprocessing = 0;
		};
/* End PBXResourcesBuildPhase section */

/* Begin PBXShellScriptBuildPhase section */
		91203E139FAAA52E2BE5CE39 /* [CP] Embed Pods Frameworks */ = {
			isa = PBXShellScriptBuildPhase;
			buildActionMask = 2147483647;
			files = (
			);
			inputFileListPaths = (
			);
			inputPaths = (
				"${SRCROOT}/Pods/Target Support Files/Pods-Trady/Pods-Trady-frameworks.sh",
				"${BUILT_PRODUCTS_DIR}/GTMSessionFetcher/GTMSessionFetcher.framework",
				"${BUILT_PRODUCTS_DIR}/GoogleUtilities/GoogleUtilities.framework",
				"${BUILT_PRODUCTS_DIR}/leveldb-library/leveldb.framework",
				"${BUILT_PRODUCTS_DIR}/nanopb/nanopb.framework",
			);
			name = "[CP] Embed Pods Frameworks";
			outputFileListPaths = (
			);
			outputPaths = (
				"${TARGET_BUILD_DIR}/${FRAMEWORKS_FOLDER_PATH}/GTMSessionFetcher.framework",
				"${TARGET_BUILD_DIR}/${FRAMEWORKS_FOLDER_PATH}/GoogleUtilities.framework",
				"${TARGET_BUILD_DIR}/${FRAMEWORKS_FOLDER_PATH}/leveldb.framework",
				"${TARGET_BUILD_DIR}/${FRAMEWORKS_FOLDER_PATH}/nanopb.framework",
			);
			runOnlyForDeploymentPostprocessing = 0;
			shellPath = /bin/sh;
			shellScript = "\"${SRCROOT}/Pods/Target Support Files/Pods-Trady/Pods-Trady-frameworks.sh\"\n";
			showEnvVarsInLog = 0;
		};
		C2744E35DEFA0098B454A451 /* [CP] Check Pods Manifest.lock */ = {
			isa = PBXShellScriptBuildPhase;
			buildActionMask = 2147483647;
			files = (
			);
			inputFileListPaths = (
			);
			inputPaths = (
				"${PODS_PODFILE_DIR_PATH}/Podfile.lock",
				"${PODS_ROOT}/Manifest.lock",
			);
			name = "[CP] Check Pods Manifest.lock";
			outputFileListPaths = (
			);
			outputPaths = (
				"$(DERIVED_FILE_DIR)/Pods-Trady-checkManifestLockResult.txt",
			);
			runOnlyForDeploymentPostprocessing = 0;
			shellPath = /bin/sh;
			shellScript = "diff \"${PODS_PODFILE_DIR_PATH}/Podfile.lock\" \"${PODS_ROOT}/Manifest.lock\" > /dev/null\nif [ $? != 0 ] ; then\n    # print error to STDERR\n    echo \"error: The sandbox is not in sync with the Podfile.lock. Run 'pod install' or update your CocoaPods installation.\" >&2\n    exit 1\nfi\n# This output is used by Xcode 'outputs' to avoid re-running this script phase.\necho \"SUCCESS\" > \"${SCRIPT_OUTPUT_FILE_0}\"\n";
			showEnvVarsInLog = 0;
		};
/* End PBXShellScriptBuildPhase section */

/* Begin PBXSourcesBuildPhase section */
		4280C0ED218A532F00091F19 /* Sources */ = {
			isa = PBXSourcesBuildPhase;
			buildActionMask = 2147483647;
			files = (
				4280C0F9218A532F00091F19 /* GroupsVC.swift in Sources */,
				42C56463218B55D50076388F /* FeedCell.swift in Sources */,
				42ED3E49218AABCB005804F0 /* RoundedButton.swift in Sources */,
				4269ED09218BFBBC0001790B /* GroupCell.swift in Sources */,
				421CF40F218A81F600D353FF /* AuthVC.swift in Sources */,
				421CF411218A828300D353FF /* LoginVC.swift in Sources */,
				4269ED0D218C0EC70001790B /* GroupFeedCell.swift in Sources */,
				4280C0F5218A532F00091F19 /* AppDelegate.swift in Sources */,
				4280C0F7218A532F00091F19 /* FeedVC.swift in Sources */,
				421CF40D218A634000D353FF /* DataServices.swift in Sources */,
				4269ED0F218C0FCB0001790B /* GroupFeedVC.swift in Sources */,
				4269ED0B218C01C00001790B /* Group.swift in Sources */,
				4269ED07218BD9490001790B /* UserCell.swift in Sources */,
				4269ED05218BCA3F0001790B /* CreateGroupVC.swift in Sources */,
				42ED3E4C218ABF4D005804F0 /* MeVC.swift in Sources */,
				42A5F347218B42A6008694FA /* CreatePostVC.swift in Sources */,
				421CF415218A8CED00D353FF /* AuthService.swift in Sources */,
				42ED3E4A218AABCB005804F0 /* LoginView.swift in Sources */,
				42ED3E48218AABCB005804F0 /* CircularImage.swift in Sources */,
				42C56467218B633A0076388F /* Message.swift in Sources */,
			);
			runOnlyForDeploymentPostprocessing = 0;
		};
/* End PBXSourcesBuildPhase section */

/* Begin PBXVariantGroup section */
		4280C0FA218A532F00091F19 /* Main.storyboard */ = {
			isa = PBXVariantGroup;
			children = (
				4280C0FB218A532F00091F19 /* Base */,
			);
			name = Main.storyboard;
			sourceTree = "<group>";
		};
		4280C0FF218A533100091F19 /* LaunchScreen.storyboard */ = {
			isa = PBXVariantGroup;
			children = (
				4280C100218A533100091F19 /* Base */,
			);
			name = LaunchScreen.storyboard;
			sourceTree = "<group>";
		};
/* End PBXVariantGroup section */

/* Begin XCBuildConfiguration section */
		4280C103218A533100091F19 /* Debug */ = {
			isa = XCBuildConfiguration;
			buildSettings = {
				ALWAYS_SEARCH_USER_PATHS = NO;
				CLANG_ANALYZER_NONNULL = YES;
				CLANG_ANALYZER_NUMBER_OBJECT_CONVERSION = YES_AGGRESSIVE;
				CLANG_CXX_LANGUAGE_STANDARD = "gnu++14";
				CLANG_CXX_LIBRARY = "libc++";
				CLANG_ENABLE_MODULES = YES;
				CLANG_ENABLE_OBJC_ARC = YES;
				CLANG_ENABLE_OBJC_WEAK = YES;
				CLANG_WARN_BLOCK_CAPTURE_AUTORELEASING = YES;
				CLANG_WARN_BOOL_CONVERSION = YES;
				CLANG_WARN_COMMA = YES;
				CLANG_WARN_CONSTANT_CONVERSION = YES;
				CLANG_WARN_DEPRECATED_OBJC_IMPLEMENTATIONS = YES;
				CLANG_WARN_DIRECT_OBJC_ISA_USAGE = YES_ERROR;
				CLANG_WARN_DOCUMENTATION_COMMENTS = YES;
				CLANG_WARN_EMPTY_BODY = YES;
				CLANG_WARN_ENUM_CONVERSION = YES;
				CLANG_WARN_INFINITE_RECURSION = YES;
				CLANG_WARN_INT_CONVERSION = YES;
				CLANG_WARN_NON_LITERAL_NULL_CONVERSION = YES;
				CLANG_WARN_OBJC_IMPLICIT_RETAIN_SELF = YES;
				CLANG_WARN_OBJC_LITERAL_CONVERSION = YES;
				CLANG_WARN_OBJC_ROOT_CLASS = YES_ERROR;
				CLANG_WARN_RANGE_LOOP_ANALYSIS = YES;
				CLANG_WARN_STRICT_PROTOTYPES = YES;
				CLANG_WARN_SUSPICIOUS_MOVE = YES;
				CLANG_WARN_UNGUARDED_AVAILABILITY = YES_AGGRESSIVE;
				CLANG_WARN_UNREACHABLE_CODE = YES;
				CLANG_WARN__DUPLICATE_METHOD_MATCH = YES;
				CODE_SIGN_IDENTITY = "iPhone Developer";
				COPY_PHASE_STRIP = NO;
				DEBUG_INFORMATION_FORMAT = dwarf;
				ENABLE_STRICT_OBJC_MSGSEND = YES;
				ENABLE_TESTABILITY = YES;
				GCC_C_LANGUAGE_STANDARD = gnu11;
				GCC_DYNAMIC_NO_PIC = NO;
				GCC_NO_COMMON_BLOCKS = YES;
				GCC_OPTIMIZATION_LEVEL = 0;
				GCC_PREPROCESSOR_DEFINITIONS = (
					"DEBUG=1",
					"$(inherited)",
				);
				GCC_WARN_64_TO_32_BIT_CONVERSION = YES;
				GCC_WARN_ABOUT_RETURN_TYPE = YES_ERROR;
				GCC_WARN_UNDECLARED_SELECTOR = YES;
				GCC_WARN_UNINITIALIZED_AUTOS = YES_AGGRESSIVE;
				GCC_WARN_UNUSED_FUNCTION = YES;
				GCC_WARN_UNUSED_VARIABLE = YES;
				IPHONEOS_DEPLOYMENT_TARGET = 12.0;
				MTL_ENABLE_DEBUG_INFO = INCLUDE_SOURCE;
				MTL_FAST_MATH = YES;
				ONLY_ACTIVE_ARCH = YES;
				SDKROOT = iphoneos;
				SWIFT_ACTIVE_COMPILATION_CONDITIONS = DEBUG;
				SWIFT_OPTIMIZATION_LEVEL = "-Onone";
			};
			name = Debug;
		};
		4280C104218A533100091F19 /* Release */ = {
			isa = XCBuildConfiguration;
			buildSettings = {
				ALWAYS_SEARCH_USER_PATHS = NO;
				CLANG_ANALYZER_NONNULL = YES;
				CLANG_ANALYZER_NUMBER_OBJECT_CONVERSION = YES_AGGRESSIVE;
				CLANG_CXX_LANGUAGE_STANDARD = "gnu++14";
				CLANG_CXX_LIBRARY = "libc++";
				CLANG_ENABLE_MODULES = YES;
				CLANG_ENABLE_OBJC_ARC = YES;
				CLANG_ENABLE_OBJC_WEAK = YES;
				CLANG_WARN_BLOCK_CAPTURE_AUTORELEASING = YES;
				CLANG_WARN_BOOL_CONVERSION = YES;
				CLANG_WARN_COMMA = YES;
				CLANG_WARN_CONSTANT_CONVERSION = YES;
				CLANG_WARN_DEPRECATED_OBJC_IMPLEMENTATIONS = YES;
				CLANG_WARN_DIRECT_OBJC_ISA_USAGE = YES_ERROR;
				CLANG_WARN_DOCUMENTATION_COMMENTS = YES;
				CLANG_WARN_EMPTY_BODY = YES;
				CLANG_WARN_ENUM_CONVERSION = YES;
				CLANG_WARN_INFINITE_RECURSION = YES;
				CLANG_WARN_INT_CONVERSION = YES;
				CLANG_WARN_NON_LITERAL_NULL_CONVERSION = YES;
				CLANG_WARN_OBJC_IMPLICIT_RETAIN_SELF = YES;
				CLANG_WARN_OBJC_LITERAL_CONVERSION = YES;
				CLANG_WARN_OBJC_ROOT_CLASS = YES_ERROR;
				CLANG_WARN_RANGE_LOOP_ANALYSIS = YES;
				CLANG_WARN_STRICT_PROTOTYPES = YES;
				CLANG_WARN_SUSPICIOUS_MOVE = YES;
				CLANG_WARN_UNGUARDED_AVAILABILITY = YES_AGGRESSIVE;
				CLANG_WARN_UNREACHABLE_CODE = YES;
				CLANG_WARN__DUPLICATE_METHOD_MATCH = YES;
				CODE_SIGN_IDENTITY = "iPhone Developer";
				COPY_PHASE_STRIP = NO;
				DEBUG_INFORMATION_FORMAT = "dwarf-with-dsym";
				ENABLE_NS_ASSERTIONS = NO;
				ENABLE_STRICT_OBJC_MSGSEND = YES;
				GCC_C_LANGUAGE_STANDARD = gnu11;
				GCC_NO_COMMON_BLOCKS = YES;
				GCC_WARN_64_TO_32_BIT_CONVERSION = YES;
				GCC_WARN_ABOUT_RETURN_TYPE = YES_ERROR;
				GCC_WARN_UNDECLARED_SELECTOR = YES;
				GCC_WARN_UNINITIALIZED_AUTOS = YES_AGGRESSIVE;
				GCC_WARN_UNUSED_FUNCTION = YES;
				GCC_WARN_UNUSED_VARIABLE = YES;
				IPHONEOS_DEPLOYMENT_TARGET = 12.0;
				MTL_ENABLE_DEBUG_INFO = NO;
				MTL_FAST_MATH = YES;
				SDKROOT = iphoneos;
				SWIFT_COMPILATION_MODE = wholemodule;
				SWIFT_OPTIMIZATION_LEVEL = "-O";
				VALIDATE_PRODUCT = YES;
			};
			name = Release;
		};
		4280C106218A533100091F19 /* Debug */ = {
			isa = XCBuildConfiguration;
			baseConfigurationReference = 1EA05F12C90F5EF4262C0625 /* Pods-Trady.debug.xcconfig */;
			buildSettings = {
				ASSETCATALOG_COMPILER_APPICON_NAME = AppIcon;
				CODE_SIGN_STYLE = Automatic;
				INFOPLIST_FILE = Trady/Info.plist;
				LD_RUNPATH_SEARCH_PATHS = (
					"$(inherited)",
					"@executable_path/Frameworks",
				);
				PRODUCT_BUNDLE_IDENTIFIER = com.sherif.Trady;
				PRODUCT_NAME = "$(TARGET_NAME)";
				SWIFT_VERSION = 4.2;
				TARGETED_DEVICE_FAMILY = "1,2";
			};
			name = Debug;
		};
		4280C107218A533100091F19 /* Release */ = {
			isa = XCBuildConfiguration;
			baseConfigurationReference = 70AE18AF59927677331D7963 /* Pods-Trady.release.xcconfig */;
			buildSettings = {
				ASSETCATALOG_COMPILER_APPICON_NAME = AppIcon;
				CODE_SIGN_STYLE = Automatic;
				INFOPLIST_FILE = Trady/Info.plist;
				LD_RUNPATH_SEARCH_PATHS = (
					"$(inherited)",
					"@executable_path/Frameworks",
				);
				PRODUCT_BUNDLE_IDENTIFIER = com.sherif.Trady;
				PRODUCT_NAME = "$(TARGET_NAME)";
				SWIFT_VERSION = 4.2;
				TARGETED_DEVICE_FAMILY = "1,2";
			};
			name = Release;
		};
/* End XCBuildConfiguration section */

/* Begin XCConfigurationList section */
		4280C0EC218A532F00091F19 /* Build configuration list for PBXProject "Trady" */ = {
			isa = XCConfigurationList;
			buildConfigurations = (
				4280C103218A533100091F19 /* Debug */,
				4280C104218A533100091F19 /* Release */,
			);
			defaultConfigurationIsVisible = 0;
			defaultConfigurationName = Release;
		};
		4280C105218A533100091F19 /* Build configuration list for PBXNativeTarget "Trady" */ = {
			isa = XCConfigurationList;
			buildConfigurations = (
				4280C106218A533100091F19 /* Debug */,
				4280C107218A533100091F19 /* Release */,
			);
			defaultConfigurationIsVisible = 0;
			defaultConfigurationName = Release;
		};
/* End XCConfigurationList section */
	};
	rootObject = 4280C0E9218A532F00091F19 /* Project object */;
}
